
Microsoft Visual Studio Solution File, Format Version 12.00
# Visual Studio Version 17
VisualStudioVersion = 17.12.35506.116
MinimumVisualStudioVersion = 10.0.40219.1
Project("{FAE04EC0-301F-11D3-BF4B-00C04F79EFBC}") = "EUREKABANK_SOAP_DOTNET_CON", "..\..\02.CLICON\EUREKABANK_SOAP_DOTNET_CON\EUREKABANK_SOAP_DOTNET_CON.csproj", "{E5E77CA8-6C6F-42E4-87C4-5F09E2EE5D0E}"
EndProject
Project("{FAE04EC0-301F-11D3-BF4B-00C04F79EFBC}") = "EUREKABANK_SOAP_DOTNET_WEB", "..\..\02.CLIWEB\EUREKABANK_SOAP_DOTNET_WEB\EUREKABANK_SOAP_DOTNET_WEB.csproj", "{E6B1D06F-4E3E-4C94-9C7B-457B42261D8D}"
EndProject
Project("{FAE04EC0-301F-11D3-BF4B-00C04F79EFBC}") = "EUREKABANK_SOAP_DOTNET_CLIMOV", "..\..\02.CLIMOV\EUREKABANK_SOAP_DOTNET_CLIMOV\EUREKABANK_SOAP_DOTNET_CLIMOV.csproj", "{F1A534BB-8D95-46D5-AB00-E2495BD63E1E}"
EndProject
Project("{FAE04EC0-301F-11D3-BF4B-00C04F79EFBC}") = "WS_EUREKABANK_SOAP_DOTNET", "WS_EUREKABANK_SOAP_DOTNET\WS_EUREKABANK_SOAP_DOTNET.csproj", "{C389B19A-7193-4DE4-9604-2EB1B9EBD2CA}"
EndProject
Global
	GlobalSection(SolutionConfigurationPlatforms) = preSolution
		Debug|Any CPU = Debug|Any CPU
		Release|Any CPU = Release|Any CPU
	EndGlobalSection
	GlobalSection(ProjectConfigurationPlatforms) = postSolution
		{E5E77CA8-6C6F-42E4-87C4-5F09E2EE5D0E}.Debug|Any CPU.ActiveCfg = Debug|Any CPU
		{E5E77CA8-6C6F-42E4-87C4-5F09E2EE5D0E}.Debug|Any CPU.Build.0 = Debug|Any CPU
		{E5E77CA8-6C6F-42E4-87C4-5F09E2EE5D0E}.Release|Any CPU.ActiveCfg = Release|Any CPU
		{E5E77CA8-6C6F-42E4-87C4-5F09E2EE5D0E}.Release|Any CPU.Build.0 = Release|Any CPU
		{E6B1D06F-4E3E-4C94-9C7B-457B42261D8D}.Debug|Any CPU.ActiveCfg = Debug|Any CPU
		{E6B1D06F-4E3E-4C94-9C7B-457B42261D8D}.Debug|Any CPU.Build.0 = Debug|Any CPU
		{E6B1D06F-4E3E-4C94-9C7B-457B42261D8D}.Release|Any CPU.ActiveCfg = Release|Any CPU
		{E6B1D06F-4E3E-4C94-9C7B-457B42261D8D}.Release|Any CPU.Build.0 = Release|Any CPU
		{F1A534BB-8D95-46D5-AB00-E2495BD63E1E}.Debug|Any CPU.ActiveCfg = Debug|Any CPU
		{F1A534BB-8D95-46D5-AB00-E2495BD63E1E}.Debug|Any CPU.Build.0 = Debug|Any CPU
		{F1A534BB-8D95-46D5-AB00-E2495BD63E1E}.Debug|Any CPU.Deploy.0 = Debug|Any CPU
		{F1A534BB-8D95-46D5-AB00-E2495BD63E1E}.Release|Any CPU.ActiveCfg = Release|Any CPU
		{F1A534BB-8D95-46D5-AB00-E2495BD63E1E}.Release|Any CPU.Build.0 = Release|Any CPU
		{F1A534BB-8D95-46D5-AB00-E2495BD63E1E}.Release|Any CPU.Deploy.0 = Release|Any CPU
		{C389B19A-7193-4DE4-9604-2EB1B9EBD2CA}.Debug|Any CPU.ActiveCfg = Debug|Any CPU
		{C389B19A-7193-4DE4-9604-2EB1B9EBD2CA}.Debug|Any CPU.Build.0 = Debug|Any CPU
		{C389B19A-7193-4DE4-9604-2EB1B9EBD2CA}.Release|Any CPU.ActiveCfg = Release|Any CPU
		{C389B19A-7193-4DE4-9604-2EB1B9EBD2CA}.Release|Any CPU.Build.0 = Release|Any CPU
	EndGlobalSection
	GlobalSection(SolutionProperties) = preSolution
		HideSolutionNode = FALSE
	EndGlobalSection
EndGlobal
